Microsoft Visual Studio Solution File, Format Version 12.00
# Visual Studio Version 17
VisualStudioVersion = 17.5.2.0
MinimumVisualStudioVersion = 10.0.40219.1
Project("{FAE04EC0-301F-11D3-BF4B-00C04F79EFBC}") = "Bibiotecla nuevo", "Bibiotecla nuevo.csproj", "{D823375A-AC44-D27B-33F2-A136E5662F2E}"
EndProject
Global
	GlobalSection(SolutionConfigurationPlatforms) = preSolution
		Debug|Any CPU = Debug|Any CPU
		Release|Any CPU = Release|Any CPU
	EndGlobalSection
	GlobalSection(ProjectConfigurationPlatforms) = postSolution
		{D823375A-AC44-D27B-33F2-A136E5662F2E}.Debug|Any CPU.ActiveCfg = Debug|Any CPU
		{D823375A-AC44-D27B-33F2-A136E5662F2E}.Debug|Any CPU.Build.0 = Debug|Any CPU
		{D823375A-AC44-D27B-33F2-A136E5662F2E}.Release|Any CPU.ActiveCfg = Release|Any CPU
		{D823375A-AC44-D27B-33F2-A136E5662F2E}.Release|Any CPU.Build.0 = Release|Any CPU
	EndGlobalSection
	GlobalSection(SolutionProperties) = preSolution
		HideSolutionNode = FALSE
	EndGlobalSection
	GlobalSection(ExtensibilityGlobals) = postSolution
		SolutionGuid = {25FDD238-FDDD-407A-BF39-AE69BCFE7EA9}
	EndGlobalSection
EndGlobal
